
Microsoft Visual Studio Solution File, Format Version 12.00
# Visual Studio Version 17
VisualStudioVersion = 17.7.34024.191
MinimumVisualStudioVersion = 10.0.40219.1
Project("{9A19103F-16F7-4668-BE54-9A1E7A4F7556}") = "WordCounter", "WordCounter.csproj", "{F8366388-6AF0-4547-A483-A824F2A3BF8A}"
EndProject
Project("{FAE04EC0-301F-11D3-BF4B-00C04F79EFBC}") = "WordCounterLib", "..\WordCounter_Type1\WordCounterLib.csproj", "{D1E53255-49A3-460C-B382-A471F5B52592}"
EndProject
Global
	GlobalSection(SolutionConfigurationPlatforms) = preSolution
		Debug|Any CPU = Debug|Any CPU
		Release|Any CPU = Release|Any CPU
	EndGlobalSection
	GlobalSection(ProjectConfigurationPlatforms) = postSolution
		{F8366388-6AF0-4547-A483-A824F2A3BF8A}.Debug|Any CPU.ActiveCfg = Debug|Any CPU
		{F8366388-6AF0-4547-A483-A824F2A3BF8A}.Debug|Any CPU.Build.0 = Debug|Any CPU
		{F8366388-6AF0-4547-A483-A824F2A3BF8A}.Release|Any CPU.ActiveCfg = Release|Any CPU
		{F8366388-6AF0-4547-A483-A824F2A3BF8A}.Release|Any CPU.Build.0 = Release|Any CPU
		{D1E53255-49A3-460C-B382-A471F5B52592}.Debug|Any CPU.ActiveCfg = Debug|Any CPU
		{D1E53255-49A3-460C-B382-A471F5B52592}.Debug|Any CPU.Build.0 = Debug|Any CPU
		{D1E53255-49A3-460C-B382-A471F5B52592}.Release|Any CPU.ActiveCfg = Release|Any CPU
		{D1E53255-49A3-460C-B382-A471F5B52592}.Release|Any CPU.Build.0 = Release|Any CPU
	EndGlobalSection
	GlobalSection(SolutionProperties) = preSolution
		HideSolutionNode = FALSE
	EndGlobalSection
	GlobalSection(ExtensibilityGlobals) = postSolution
		SolutionGuid = {4E715A54-C585-455F-A417-3CF4D3379B80}
	EndGlobalSection
EndGlobal
